{
  "name": "benchmark-versus-pull-stream",
  "version": "1.0.0",
  "lockfileVersion": 1,
  "requires": true,
  "dependencies": {
    "ansi-regex": {
      "version": "2.1.1",
      "resolved": "https://registry.npmjs.org/ansi-regex/-/ansi-regex-2.1.1.tgz",
      "integrity": "sha1-w7M6te42DYbg5ijwRorn7yfWVN8="
    },
    "ansi-styles": {
      "version": "2.2.1",
      "resolved": "https://registry.npmjs.org/ansi-styles/-/ansi-styles-2.2.1.tgz",
      "integrity": "sha1-tDLdM1i2NM914eRmQ2gkBTPB3b4="
    },
    "callbag": {
      "version": "1.0.2",
      "resolved": "https://registry.npmjs.org/callbag/-/callbag-1.0.2.tgz",
      "integrity": "sha512-2v/etFQWI6+8bjUEcclajGf+NBPU5NBhaxzxB8qmQF2YSIVla+fVv32DtUel+mV0KTeR8kyvsSjTtrJ3/xtdOA=="
    },
    "callbag-basics": {
      "version": "2.0.1",
      "resolved": "https://registry.npmjs.org/callbag-basics/-/callbag-basics-2.0.1.tgz",
      "integrity": "sha512-xSKIcjvh1jvv0cWBLqLZWFp6BBPChpR8Y4mTSAxpBPLDGJTJpxnfiUHU9RSowKVlZYhCcA4dvWCaRQbtrZKezQ==",
      "requires": {
        "callbag": "1.0.2",
        "callbag-combine": "1.0.0",
        "callbag-concat": "1.0.1",
        "callbag-filter": "1.0.0",
        "callbag-flatten": "1.0.0",
        "callbag-for-each": "1.0.0",
        "callbag-from-event": "1.0.0",
        "callbag-from-iter": "1.0.0",
        "callbag-from-obs": "1.0.0",
        "callbag-from-promise": "1.0.0",
        "callbag-interval": "1.0.0",
        "callbag-map": "1.0.1",
        "callbag-merge": "1.0.0",
        "callbag-pipe": "1.1.1",
        "callbag-scan": "1.0.1",
        "callbag-share": "1.0.0",
        "callbag-skip": "1.0.0",
        "callbag-take": "1.0.0"
      }
    },
    "callbag-combine": {
      "version": "1.0.0",
      "resolved": "https://registry.npmjs.org/callbag-combine/-/callbag-combine-1.0.0.tgz",
      "integrity": "sha512-CfvTF7mQD9JhsB+yz+dyNS6dGZFC6vLN17MmHyxEmijIffmTQADg47NH358jvbmkk6SUMeNBj1ibN107Z7whhA=="
    },
    "callbag-concat": {
      "version": "1.0.1",
      "resolved": "https://registry.npmjs.org/callbag-concat/-/callbag-concat-1.0.1.tgz",
      "integrity": "sha512-dwJA0aU/xE8eeoQ5I/lXQQM/7fKIJm0dRXGzLfx1LPo+EJaJIKPxqH12qgLIsAyQ3R1vtlg171iUMK4q8uy2jA=="
    },
    "callbag-filter": {
      "version": "1.0.0",
      "resolved": "https://registry.npmjs.org/callbag-filter/-/callbag-filter-1.0.0.tgz",
      "integrity": "sha512-RxXhzftV6RDyFYt+BuFPwAlTJn3i+tgG8dtYVNkx9Mat/dEVeD7JViHjunLEwoGs/ImICBza47YWjkYWkG4XNQ=="
    },
    "callbag-flatten": {
      "version": "1.0.0",
      "resolved": "https://registry.npmjs.org/callbag-flatten/-/callbag-flatten-1.0.0.tgz",
      "integrity": "sha512-hhll0EXt6Hz5cMEcS7Y7rysfldNr2aBCo3ALIBoCyTWtEGpYjaHBQiWaiGBEizHBtTbrbl3HHGAeIt2RRtmrPg=="
    },
    "callbag-for-each": {
      "version": "1.0.0",
      "resolved": "https://registry.npmjs.org/callbag-for-each/-/callbag-for-each-1.0.0.tgz",
      "integrity": "sha512-RHH2q+MgAzXqnykiMqyr56tv2vYxCkqEiFIyfWR7vimtToNcHeUDKmykBPAUqXVom0uXt/sjyw82OIgDYMl2/g=="
    },
    "callbag-from-event": {
      "version": "1.0.0",
      "resolved": "https://registry.npmjs.org/callbag-from-event/-/callbag-from-event-1.0.0.tgz",
      "integrity": "sha512-Ir0gVsjXpj3EMzPCt6OSwEndGOzD1utgHz21DL0U/YlOfnbNMM0YWgleu9/ZrsQ33dzDMvoEG8SxlD8tJB9k9g=="
    },
    "callbag-from-iter": {
      "version": "1.0.0",
      "resolved": "https://registry.npmjs.org/callbag-from-iter/-/callbag-from-iter-1.0.0.tgz",
      "integrity": "sha512-qHERRsd9kcLQlAi2CrspFZidG++m7F34f87icIA8UJEfgn8c4plc3Xh0qn5J4PSeBdlPTLFRRYkWrYv3/JvdOw=="
    },
    "callbag-from-obs": {
      "version": "1.0.0",
      "resolved": "https://registry.npmjs.org/callbag-from-obs/-/callbag-from-obs-1.0.0.tgz",
      "integrity": "sha512-qksgIXgMy9ke5+46jotYY3cY/8QcwJPjyDaEaNQVm133k2Vl7Dh4Yr24gR7AlrumANGxvxte871NWnjr3r080w=="
    },
    "callbag-from-promise": {
      "version": "1.0.0",
      "resolved": "https://registry.npmjs.org/callbag-from-promise/-/callbag-from-promise-1.0.0.tgz",
      "integrity": "sha512-1S0ig7VY+TV94180eBBLuQSjaT8X1XPflGZAppC5YTLfx1ZP4A6dfmkm9K7CtpEzeDWaLr//gNdQw2H1qT3jPQ=="
    },
    "callbag-interval": {
      "version": "1.0.0",
      "resolved": "https://registry.npmjs.org/callbag-interval/-/callbag-interval-1.0.0.tgz",
      "integrity": "sha512-8wlAZwqX4qKuIbRuqj5aIZmVhNepf61bildMfGROYLyzefTmaoKxag/xf4FHQk0kfVDKfz9x4nZYkLVgHuRdJA=="
    },
    "callbag-map": {
      "version": "1.0.1",
      "resolved": "https://registry.npmjs.org/callbag-map/-/callbag-map-1.0.1.tgz",
      "integrity": "sha512-JotprLfl5D/DqArAUlygHOBVkTi2VKfueU71EtbEs2N5dUKlcjkZzSf6BkAWN/EHmgwaaCbVQIhsgvRKYYl1iw=="
    },
    "callbag-merge": {
      "version": "1.0.0",
      "resolved": "https://registry.npmjs.org/callbag-merge/-/callbag-merge-1.0.0.tgz",
      "integrity": "sha512-hYjg8rRPuGds/GkAXtqR4P+AGQ32ewFqcOkhMCAlC+9PVejYZyn8KEzBI686eJuQ8rTtAWuIgnF8aSmTqWYO9g=="
    },
    "callbag-pipe": {
      "version": "1.1.1",
      "resolved": "https://registry.npmjs.org/callbag-pipe/-/callbag-pipe-1.1.1.tgz",
      "integrity": "sha512-gPTHExrElPAOu/s91aySM1dCGCuQhbTLvvHwrqI/2aMW0qOda2nCZpmE0ML94l2tDy6Y4fqlI1SyAxqgLkZl6w=="
    },
    "callbag-scan": {
      "version": "1.0.1",
      "resolved": "https://registry.npmjs.org/callbag-scan/-/callbag-scan-1.0.1.tgz",
      "integrity": "sha512-pnxvxShHTpdn4BIl15QUu/wQPOxFasyUU1NpbVS4aPREe0pUrBKUvMvgCVEMy1takUAuV7MWXcBI5U59UyW39A=="
    },
    "callbag-share": {
      "version": "1.0.0",
      "resolved": "https://registry.npmjs.org/callbag-share/-/callbag-share-1.0.0.tgz",
      "integrity": "sha512-YkQcAt9Jwc7SSETP6bZ4B5cBW6TFgy5FDDzGxI+dsOp2dnHa0ZOc/bV+G0VUVqqpFIo5wIf0+zUku4X0ccfpcg=="
    },
    "callbag-skip": {
      "version": "1.0.0",
      "resolved": "https://registry.npmjs.org/callbag-skip/-/callbag-skip-1.0.0.tgz",
      "integrity": "sha512-XCvIT+mDa4K4HIbEoF6mhoM1YrXq7aLVDD0JvA/Px8MN//Nuxkp4bP3ivuD2u9vyYdubXHmAD4RwHJUm8azcjQ=="
    },
    "callbag-take": {
      "version": "1.0.0",
      "resolved": "https://registry.npmjs.org/callbag-take/-/callbag-take-1.0.0.tgz",
      "integrity": "sha512-qQ220/N6gOJRS4JS/mEVzbsADCaet5QAYZimrvGjjzT87eclQugJOzsae6efaGMf2KejKlPu8LxWZzs+zZ/hBw=="
    },
    "chalk": {
      "version": "1.1.3",
      "resolved": "https://registry.npmjs.org/chalk/-/chalk-1.1.3.tgz",
      "integrity": "sha1-qBFcVeSnAv5NFQq9OHKCKn4J/Jg=",
      "requires": {
        "ansi-styles": "2.2.1",
        "escape-string-regexp": "1.0.5",
        "has-ansi": "2.0.0",
        "strip-ansi": "3.0.1",
        "supports-color": "2.0.0"
      }
    },
    "escape-string-regexp": {
      "version": "1.0.5",
      "resolved": "https://registry.npmjs.org/escape-string-regexp/-/escape-string-regexp-1.0.5.tgz",
      "integrity": "sha1-G2HAViGQqN/2rjuyzwIAyhMLhtQ="
    },
    "fastbench": {
      "version": "1.0.1",
      "resolved": "https://registry.npmjs.org/fastbench/-/fastbench-1.0.1.tgz",
      "integrity": "sha1-Ztajg6NtCH1C3ulPsofvzb1DyJE=",
      "requires": {
        "chalk": "1.1.3",
        "fastseries": "1.7.2"
      }
    },
    "fastseries": {
      "version": "1.7.2",
      "resolved": "https://registry.npmjs.org/fastseries/-/fastseries-1.7.2.tgz",
      "integrity": "sha1-0izhO5Qz3/M4jZHb1ri9qbIaD0s=",
      "requires": {
        "reusify": "1.0.4",
        "xtend": "4.0.1"
      }
    },
    "has-ansi": {
      "version": "2.0.0",
      "resolved": "https://registry.npmjs.org/has-ansi/-/has-ansi-2.0.0.tgz",
      "integrity": "sha1-NPUEnOHs3ysGSa8+8k5F7TVBbZE=",
      "requires": {
        "ansi-regex": "2.1.1"
      }
    },
    "pull-stream": {
      "version": "3.6.1",
      "resolved": "https://registry.npmjs.org/pull-stream/-/pull-stream-3.6.1.tgz",
      "integrity": "sha1-xcKuSlEkbv7rzGXAQSo9clqSzgA="
    },
    "reusify": {
      "version": "1.0.4",
      "resolved": "https://registry.npmjs.org/reusify/-/reusify-1.0.4.tgz",
      "integrity": "sha512-U9nH88a3fc/ekCF1l0/UP1IosiuIjyTh7hBvXVMHYgVcfGvt897Xguj2UOLDeI5BG2m7/uwyaLVT6fbtCwTyzw=="
    },
    "strip-ansi": {
      "version": "3.0.1",
      "resolved": "https://registry.npmjs.org/strip-ansi/-/strip-ansi-3.0.1.tgz",
      "integrity": "sha1-ajhfuIU9lS1f8F0Oiq+UJ43GPc8=",
      "requires": {
        "ansi-regex": "2.1.1"
      }
    },
    "supports-color": {
      "version": "2.0.0",
      "resolved": "https://registry.npmjs.org/supports-color/-/supports-color-2.0.0.tgz",
      "integrity": "sha1-U10EXOa2Nj+kARcIRimZXp3zJMc="
    },
    "xtend": {
      "version": "4.0.1",
      "resolved": "https://registry.npmjs.org/xtend/-/xtend-4.0.1.tgz",
      "integrity": "sha1-pcbVMr5lbiPbgg77lDofBJmNY68="
    }
  }
}
